lockfileVersion: '9.0'

settings:
  autoInstallPeers: true
  excludeLinksFromLockfile: false

importers:

  .:
    dependencies:
      icecast-sdk-js:
        specifier: ^1.0.18
        version: 1.0.18

packages:

  icecast-sdk-js@1.0.18:
    resolution: {integrity: sha512-pmUQoG6mWOabfuVwyDrVfy5eiYtXrScqwD5qkbebjY31kbDHgosRMCVTIKlfoMNnZsTyl5/L+lDZJF1z+zXeZQ==}
    engines: {node: '>=18'}

snapshots:

  icecast-sdk-js@1.0.18: {}
