lockfileVersion: '9.0'

settings:
  autoInstallPeers: true
  excludeLinksFromLockfile: false

importers:

  .:
    dependencies:
      icecast-sdk-js:
        specifier: ^1.0.16
        version: 1.0.16

packages:

  icecast-sdk-js@1.0.16:
    resolution: {integrity: sha512-Ts7eMr22GjkQhT3/VhPIyx9KUqfyR2bjhUPVZsStE9OCCSfDqsJZ7UXJGvWEhIBC2RGf3y44qxVYuIgnHGbWbw==}
    engines: {node: '>=18'}

snapshots:

  icecast-sdk-js@1.0.16: {}
