lockfileVersion: '9.0'

settings:
  autoInstallPeers: true
  excludeLinksFromLockfile: false

importers:

  .:
    dependencies:
      icecast-sdk-js:
        specifier: ^1.0.20
        version: 1.0.20

packages:

  icecast-sdk-js@1.0.20:
    resolution: {integrity: sha512-D8CCEKQmkAimOVoSMGjQc2HGV1eo0XGm+ioK9Nt3eHI9gJl3SZFE4njvqP6Dj8kTEwtH1puwOPrWWKTMPA7Uhw==}
    engines: {node: '>=18'}

snapshots:

  icecast-sdk-js@1.0.20: {}
