lockfileVersion: '9.0'

settings:
  autoInstallPeers: true
  excludeLinksFromLockfile: false

importers:

  .:
    dependencies:
      icecast-sdk-js:
        specifier: ^1.0.21
        version: 1.0.21

packages:

  icecast-sdk-js@1.0.21:
    resolution: {integrity: sha512-uHlfmrPoCzRa/t/siJvoQpxX5ErJJpMpUhGXW7roUqAKKjszpa0KaWptWY1EC4uHkeSsMLYkhCk2c7GJIEfq6w==}
    engines: {node: '>=18'}

snapshots:

  icecast-sdk-js@1.0.21: {}
